// !$*UTF8*$!
{
	archiveVersion = 1;
	classes = {
	};
	objectVersion = 46;
	objects = {

/* Begin PBXBuildFile section */
		213FF127191C8DAD003B166B /* LoginViewController.m in Sources */ = {isa = PBXBuildFile; fileRef = 213FF122191C8DAD003B166B /* LoginViewController.m */; };
		213FF128191C8DAD003B166B /* SignupViewController.m in Sources */ = {isa = PBXBuildFile; fileRef = 213FF124191C8DAD003B166B /* SignupViewController.m */; };
		213FF129191C8DAD003B166B /* TPKeyboardAvoidingScrollView.m in Sources */ = {isa = PBXBuildFile; fileRef = 213FF126191C8DAD003B166B /* TPKeyboardAvoidingScrollView.m */; };
		213FF133191C930D003B166B /* AudioToolbox.framework in Frameworks */ = {isa = PBXBuildFile; fileRef = 213FF12A191C930C003B166B /* AudioToolbox.framework */; };
		213FF134191C930D003B166B /* CFNetwork.framework in Frameworks */ = {isa = PBXBuildFile; fileRef = 213FF12B191C930C003B166B /* CFNetwork.framework */; };
		213FF135191C930D003B166B /* CoreLocation.framework in Frameworks */ = {isa = PBXBuildFile; fileRef = 213FF12C191C930C003B166B /* CoreLocation.framework */; };
		213FF136191C930D003B166B /* libz.dylib in Frameworks */ = {isa = PBXBuildFile; fileRef = 213FF12D191C930C003B166B /* libz.dylib */; };
		213FF137191C930D003B166B /* MobileCoreServices.framework in Frameworks */ = {isa = PBXBuildFile; fileRef = 213FF12E191C930C003B166B /* MobileCoreServices.framework */; };
		213FF138191C930D003B166B /* QuartzCore.framework in Frameworks */ = {isa = PBXBuildFile; fileRef = 213FF12F191C930D003B166B /* QuartzCore.framework */; };
		213FF139191C930D003B166B /* Security.framework in Frameworks */ = {isa = PBXBuildFile; fileRef = 213FF130191C930D003B166B /* Security.framework */; };
		213FF13A191C930D003B166B /* StoreKit.framework in Frameworks */ = {isa = PBXBuildFile; fileRef = 213FF131191C930D003B166B /* StoreKit.framework */; };
		213FF13B191C930D003B166B /* SystemConfiguration.framework in Frameworks */ = {isa = PBXBuildFile; fileRef = 213FF132191C930D003B166B /* SystemConfiguration.framework */; };
		213FF13D191C95E1003B166B /* Parse.framework in Frameworks */ = {isa = PBXBuildFile; fileRef = 213FF13C191C95E1003B166B /* Parse.framework */; };
		213FF143191C9BDB003B166B /* RequestTableViewController.m in Sources */ = {isa = PBXBuildFile; fileRef = 213FF142191C9BDB003B166B /* RequestTableViewController.m */; };
		213FF149191CA2CA003B166B /* AddBookViewController.m in Sources */ = {isa = PBXBuildFile; fileRef = 213FF148191CA2CA003B166B /* AddBookViewController.m */; };
		213FF153191D065D003B166B /* BookDetailsViewController.m in Sources */ = {isa = PBXBuildFile; fileRef = 213FF152191D065D003B166B /* BookDetailsViewController.m */; };
		21654AB31922274900D808F2 /* MyRequestVC.m in Sources */ = {isa = PBXBuildFile; fileRef = 21654AB21922274900D808F2 /* MyRequestVC.m */; };
		21CDCA1119247BED00CA9CA1 /* BooksTVC.m in Sources */ = {isa = PBXBuildFile; fileRef = 21CDCA1019247BED00CA9CA1 /* BooksTVC.m */; };
		21CDCA1419247DFB00CA9CA1 /* AllBooksTVC.m in Sources */ = {isa = PBXBuildFile; fileRef = 21CDCA1319247DFB00CA9CA1 /* AllBooksTVC.m */; };
		21CDCA171924810600CA9CA1 /* BookShelfTVC.m in Sources */ = {isa = PBXBuildFile; fileRef = 21CDCA161924810600CA9CA1 /* BookShelfTVC.m */; };
		21DE540F1917A3A7004C5591 /* Foundation.framework in Frameworks */ = {isa = PBXBuildFile; fileRef = 21DE540E1917A3A7004C5591 /* Foundation.framework */; };
		21DE54111917A3A7004C5591 /* CoreGraphics.framework in Frameworks */ = {isa = PBXBuildFile; fileRef = 21DE54101917A3A7004C5591 /* CoreGraphics.framework */; };
		21DE54131917A3A7004C5591 /* UIKit.framework in Frameworks */ = {isa = PBXBuildFile; fileRef = 21DE54121917A3A7004C5591 /* UIKit.framework */; };
		21DE54191917A3A7004C5591 /* InfoPlist.strings in Resources */ = {isa = PBXBuildFile; fileRef = 21DE54171917A3A7004C5591 /* InfoPlist.strings */; };
		21DE541B1917A3A7004C5591 /* main.m in Sources */ = {isa = PBXBuildFile; fileRef = 21DE541A1917A3A7004C5591 /* main.m */; };
		21DE541F1917A3A7004C5591 /* AppDelegate.m in Sources */ = {isa = PBXBuildFile; fileRef = 21DE541E1917A3A7004C5591 /* AppDelegate.m */; };
		21DE54221917A3A7004C5591 /* Main.storyboard in Resources */ = {isa = PBXBuildFile; fileRef = 21DE54201917A3A7004C5591 /* Main.storyboard */; };
		21DE54271917A3A7004C5591 /* Images.xcassets in Resources */ = {isa = PBXBuildFile; fileRef = 21DE54261917A3A7004C5591 /* Images.xcassets */; };
		21DE542E1917A3A8004C5591 /* XCTest.framework in Frameworks */ = {isa = PBXBuildFile; fileRef = 21DE542D1917A3A8004C5591 /* XCTest.framework */; };
		21DE542F1917A3A8004C5591 /* Foundation.framework in Frameworks */ = {isa = PBXBuildFile; fileRef = 21DE540E1917A3A7004C5591 /* Foundation.framework */; };
		21DE54301917A3A8004C5591 /* UIKit.framework in Frameworks */ = {isa = PBXBuildFile; fileRef = 21DE54121917A3A7004C5591 /* UIKit.framework */; };
		21DE54381917A3A8004C5591 /* InfoPlist.strings in Resources */ = {isa = PBXBuildFile; fileRef = 21DE54361917A3A8004C5591 /* InfoPlist.strings */; };
		21DE543A1917A3A8004C5591 /* BookwalkerTests.m in Sources */ = {isa = PBXBuildFile; fileRef = 21DE54391917A3A8004C5591 /* BookwalkerTests.m */; };
/* End PBXBuildFile section */

/* Begin PBXContainerItemProxy section */
		21DE54311917A3A8004C5591 /* PBXContainerItemProxy */ = {
			isa = PBXContainerItemProxy;
			containerPortal = 21DE54031917A3A7004C5591 /* Project object */;
			proxyType = 1;
			remoteGlobalIDString = 21DE540A1917A3A7004C5591;
			remoteInfo = Bookwalker;
		};
/* End PBXContainerItemProxy section */

/* Begin PBXFileReference section */
		213FF121191C8DAD003B166B /* LoginViewController.h */ = {isa = PBXFileReference; fileEncoding = 4; lastKnownFileType = sourcecode.c.h; path = LoginViewController.h; sourceTree = "<group>"; };
		213FF122191C8DAD003B166B /* LoginViewController.m */ = {isa = PBXFileReference; fileEncoding = 4; lastKnownFileType = sourcecode.c.objc; path = LoginViewController.m; sourceTree = "<group>"; };
		213FF123191C8DAD003B166B /* SignupViewController.h */ = {isa = PBXFileReference; fileEncoding = 4; lastKnownFileType = sourcecode.c.h; path = SignupViewController.h; sourceTree = "<group>"; };
		213FF124191C8DAD003B166B /* SignupViewController.m */ = {isa = PBXFileReference; fileEncoding = 4; lastKnownFileType = sourcecode.c.objc; path = SignupViewController.m; sourceTree = "<group>"; };
		213FF125191C8DAD003B166B /* TPKeyboardAvoidingScrollView.h */ = {isa = PBXFileReference; fileEncoding = 4; lastKnownFileType = sourcecode.c.h; path = TPKeyboardAvoidingScrollView.h; sourceTree = "<group>"; };
		213FF126191C8DAD003B166B /* TPKeyboardAvoidingScrollView.m */ = {isa = PBXFileReference; fileEncoding = 4; lastKnownFileType = sourcecode.c.objc; path = TPKeyboardAvoidingScrollView.m; sourceTree = "<group>"; };
		213FF12A191C930C003B166B /* AudioToolbox.framework */ = {isa = PBXFileReference; lastKnownFileType = wrapper.framework; name = AudioToolbox.framework; path = System/Library/Frameworks/AudioToolbox.framework; sourceTree = SDKROOT; };
		213FF12B191C930C003B166B /* CFNetwork.framework */ = {isa = PBXFileReference; lastKnownFileType = wrapper.framework; name = CFNetwork.framework; path = System/Library/Frameworks/CFNetwork.framework; sourceTree = SDKROOT; };
		213FF12C191C930C003B166B /* CoreLocation.framework */ = {isa = PBXFileReference; lastKnownFileType = wrapper.framework; name = CoreLocation.framework; path = System/Library/Frameworks/CoreLocation.framework; sourceTree = SDKROOT; };
		213FF12D191C930C003B166B /* libz.dylib */ = {isa = PBXFileReference; lastKnownFileType = "compiled.mach-o.dylib"; name = libz.dylib; path = usr/lib/libz.dylib; sourceTree = SDKROOT; };
		213FF12E191C930C003B166B /* MobileCoreServices.framework */ = {isa = PBXFileReference; lastKnownFileType = wrapper.framework; name = MobileCoreServices.framework; path = System/Library/Frameworks/MobileCoreServices.framework; sourceTree = SDKROOT; };
		213FF12F191C930D003B166B /* QuartzCore.framework */ = {isa = PBXFileReference; lastKnownFileType = wrapper.framework; name = QuartzCore.framework; path = System/Library/Frameworks/QuartzCore.framework; sourceTree = SDKROOT; };
		213FF130191C930D003B166B /* Security.framework */ = {isa = PBXFileReference; lastKnownFileType = wrapper.framework; name = Security.framework; path = System/Library/Frameworks/Security.framework; sourceTree = SDKROOT; };
		213FF131191C930D003B166B /* StoreKit.framework */ = {isa = PBXFileReference; lastKnownFileType = wrapper.framework; name = StoreKit.framework; path = System/Library/Frameworks/StoreKit.framework; sourceTree = SDKROOT; };
		213FF132191C930D003B166B /* SystemConfiguration.framework */ = {isa = PBXFileReference; lastKnownFileType = wrapper.framework; name = SystemConfiguration.framework; path = System/Library/Frameworks/SystemConfiguration.framework; sourceTree = SDKROOT; };
		213FF13C191C95E1003B166B /* Parse.framework */ = {isa = PBXFileReference; lastKnownFileType = wrapper.framework; path = Parse.framework; sourceTree = "<group>"; };
		213FF141191C9BDB003B166B /* RequestTableViewController.h */ = {isa = PBXFileReference; fileEncoding = 4; lastKnownFileType = sourcecode.c.h; path = RequestTableViewController.h; sourceTree = "<group>"; };
		213FF142191C9BDB003B166B /* RequestTableViewController.m */ = {isa = PBXFileReference; fileEncoding = 4; lastKnownFileType = sourcecode.c.objc; path = RequestTableViewController.m; sourceTree = "<group>"; };
		213FF147191CA2CA003B166B /* AddBookViewController.h */ = {isa = PBXFileReference; fileEncoding = 4; lastKnownFileType = sourcecode.c.h; path = AddBookViewController.h; sourceTree = "<group>"; };
		213FF148191CA2CA003B166B /* AddBookViewController.m */ = {isa = PBXFileReference; fileEncoding = 4; lastKnownFileType = sourcecode.c.objc; path = AddBookViewController.m; sourceTree = "<group>"; };
		213FF151191D065D003B166B /* BookDetailsViewController.h */ = {isa = PBXFileReference; fileEncoding = 4; lastKnownFileType = sourcecode.c.h; path = BookDetailsViewController.h; sourceTree = "<group>"; };
		213FF152191D065D003B166B /* BookDetailsViewController.m */ = {isa = PBXFileReference; fileEncoding = 4; lastKnownFileType = sourcecode.c.objc; path = BookDetailsViewController.m; sourceTree = "<group>"; };
		21654AB11922274900D808F2 /* MyRequestVC.h */ = {isa = PBXFileReference; fileEncoding = 4; lastKnownFileType = sourcecode.c.h; path = MyRequestVC.h; sourceTree = "<group>"; };
		21654AB21922274900D808F2 /* MyRequestVC.m */ = {isa = PBXFileReference; fileEncoding = 4; lastKnownFileType = sourcecode.c.objc; path = MyRequestVC.m; sourceTree = "<group>"; };
		21CDCA0F19247BED00CA9CA1 /* BooksTVC.h */ = {isa = PBXFileReference; fileEncoding = 4; lastKnownFileType = sourcecode.c.h; path = BooksTVC.h; sourceTree = "<group>"; };
		21CDCA1019247BED00CA9CA1 /* BooksTVC.m */ = {isa = PBXFileReference; fileEncoding = 4; lastKnownFileType = sourcecode.c.objc; path = BooksTVC.m; sourceTree = "<group>"; };
		21CDCA1219247DFB00CA9CA1 /* AllBooksTVC.h */ = {isa = PBXFileReference; fileEncoding = 4; lastKnownFileType = sourcecode.c.h; path = AllBooksTVC.h; sourceTree = "<group>"; };
		21CDCA1319247DFB00CA9CA1 /* AllBooksTVC.m */ = {isa = PBXFileReference; fileEncoding = 4; lastKnownFileType = sourcecode.c.objc; path = AllBooksTVC.m; sourceTree = "<group>"; };
		21CDCA151924810600CA9CA1 /* BookShelfTVC.h */ = {isa = PBXFileReference; fileEncoding = 4; lastKnownFileType = sourcecode.c.h; path = BookShelfTVC.h; sourceTree = "<group>"; };
		21CDCA161924810600CA9CA1 /* BookShelfTVC.m */ = {isa = PBXFileReference; fileEncoding = 4; lastKnownFileType = sourcecode.c.objc; path = BookShelfTVC.m; sourceTree = "<group>"; };
		21DE540B1917A3A7004C5591 /* Bookwalker.app */ = {isa = PBXFileReference; explicitFileType = wrapper.application; includeInIndex = 0; path = Bookwalker.app; sourceTree = BUILT_PRODUCTS_DIR; };
		21DE540E1917A3A7004C5591 /* Foundation.framework */ = {isa = PBXFileReference; lastKnownFileType = wrapper.framework; name = Foundation.framework; path = System/Library/Frameworks/Foundation.framework; sourceTree = SDKROOT; };
		21DE54101917A3A7004C5591 /* CoreGraphics.framework */ = {isa = PBXFileReference; lastKnownFileType = wrapper.framework; name = CoreGraphics.framework; path = System/Library/Frameworks/CoreGraphics.framework; sourceTree = SDKROOT; };
		21DE54121917A3A7004C5591 /* UIKit.framework */ = {isa = PBXFileReference; lastKnownFileType = wrapper.framework; name = UIKit.framework; path = System/Library/Frameworks/UIKit.framework; sourceTree = SDKROOT; };
		21DE54161917A3A7004C5591 /* Bookwalker-Info.plist */ = {isa = PBXFileReference; lastKnownFileType = text.plist.xml; path = "Bookwalker-Info.plist"; sourceTree = "<group>"; };
		21DE54181917A3A7004C5591 /* en */ = {isa = PBXFileReference; lastKnownFileType = text.plist.strings; name = en; path = en.lproj/InfoPlist.strings; sourceTree = "<group>"; };
		21DE541A1917A3A7004C5591 /* main.m */ = {isa = PBXFileReference; lastKnownFileType = sourcecode.c.objc; path = main.m; sourceTree = "<group>"; };
		21DE541C1917A3A7004C5591 /* Bookwalker-Prefix.pch */ = {isa = PBXFileReference; lastKnownFileType = sourcecode.c.h; path = "Bookwalker-Prefix.pch"; sourceTree = "<group>"; };
		21DE541D1917A3A7004C5591 /* AppDelegate.h */ = {isa = PBXFileReference; lastKnownFileType = sourcecode.c.h; path = AppDelegate.h; sourceTree = "<group>"; };
		21DE541E1917A3A7004C5591 /* AppDelegate.m */ = {isa = PBXFileReference; lastKnownFileType = sourcecode.c.objc; path = AppDelegate.m; sourceTree = "<group>"; };
		21DE54211917A3A7004C5591 /* Base */ = {isa = PBXFileReference; lastKnownFileType = file.storyboard; name = Base; path = Base.lproj/Main.storyboard; sourceTree = "<group>"; };
		21DE54261917A3A7004C5591 /* Images.xcassets */ = {isa = PBXFileReference; lastKnownFileType = folder.assetcatalog; path = Images.xcassets; sourceTree = "<group>"; };
		21DE542C1917A3A8004C5591 /* BookwalkerTests.xctest */ = {isa = PBXFileReference; explicitFileType = wrapper.cfbundle; includeInIndex = 0; path = BookwalkerTests.xctest; sourceTree = BUILT_PRODUCTS_DIR; };
		21DE542D1917A3A8004C5591 /* XCTest.framework */ = {isa = PBXFileReference; lastKnownFileType = wrapper.framework; name = XCTest.framework; path = Library/Frameworks/XCTest.framework; sourceTree = DEVELOPER_DIR; };
		21DE54351917A3A8004C5591 /* BookwalkerTests-Info.plist */ = {isa = PBXFileReference; lastKnownFileType = text.plist.xml; path = "BookwalkerTests-Info.plist"; sourceTree = "<group>"; };
		21DE54371917A3A8004C5591 /* en */ = {isa = PBXFileReference; lastKnownFileType = text.plist.strings; name = en; path = en.lproj/InfoPlist.strings; sourceTree = "<group>"; };
		21DE54391917A3A8004C5591 /* BookwalkerTests.m */ = {isa = PBXFileReference; lastKnownFileType = sourcecode.c.objc; path = BookwalkerTests.m; sourceTree = "<group>"; };
/* End PBXFileReference section */

/* Begin PBXFrameworksBuildPhase section */
		21DE54081917A3A7004C5591 /* Frameworks */ = {
			isa = PBXFrameworksBuildPhase;
			buildActionMask = 2147483647;
			files = (
				213FF133191C930D003B166B /* AudioToolbox.framework in Frameworks */,
				213FF134191C930D003B166B /* CFNetwork.framework in Frameworks */,
				213FF135191C930D003B166B /* CoreLocation.framework in Frameworks */,
				213FF136191C930D003B166B /* libz.dylib in Frameworks */,
				213FF137191C930D003B166B /* MobileCoreServices.framework in Frameworks */,
				213FF138191C930D003B166B /* QuartzCore.framework in Frameworks */,
				213FF13D191C95E1003B166B /* Parse.framework in Frameworks */,
				213FF139191C930D003B166B /* Security.framework in Frameworks */,
				213FF13A191C930D003B166B /* StoreKit.framework in Frameworks */,
				213FF13B191C930D003B166B /* SystemConfiguration.framework in Frameworks */,
				21DE54111917A3A7004C5591 /* CoreGraphics.framework in Frameworks */,
				21DE54131917A3A7004C5591 /* UIKit.framework in Frameworks */,
				21DE540F1917A3A7004C5591 /* Foundation.framework in Frameworks */,
			);
			runOnlyForDeploymentPostprocessing = 0;
		};
		21DE54291917A3A8004C5591 /* Frameworks */ = {
			isa = PBXFrameworksBuildPhase;
			buildActionMask = 2147483647;
			files = (
				21DE542E1917A3A8004C5591 /* XCTest.framework in Frameworks */,
				21DE54301917A3A8004C5591 /* UIKit.framework in Frameworks */,
				21DE542F1917A3A8004C5591 /* Foundation.framework in Frameworks */,
			);
			runOnlyForDeploymentPostprocessing = 0;
		};
/* End PBXFrameworksBuildPhase section */

/* Begin PBXGroup section */
		213FF14A191CD725003B166B /* View */ = {
			isa = PBXGroup;
			children = (
				21DE54201917A3A7004C5591 /* Main.storyboard */,
			);
			name = View;
			sourceTree = "<group>";
		};
		21DE54021917A3A7004C5591 = {
			isa = PBXGroup;
			children = (
				213FF14A191CD725003B166B /* View */,
				21DE54141917A3A7004C5591 /* Controller */,
				21DE54331917A3A8004C5591 /* BookwalkerTests */,
				21DE540D1917A3A7004C5591 /* Frameworks */,
				21DE540C1917A3A7004C5591 /* Products */,
			);
			sourceTree = "<group>";
		};
		21DE540C1917A3A7004C5591 /* Products */ = {
			isa = PBXGroup;
			children = (
				21DE540B1917A3A7004C5591 /* Bookwalker.app */,
				21DE542C1917A3A8004C5591 /* BookwalkerTests.xctest */,
			);
			name = Products;
			sourceTree = "<group>";
		};
		21DE540D1917A3A7004C5591 /* Frameworks */ = {
			isa = PBXGroup;
			children = (
				213FF13C191C95E1003B166B /* Parse.framework */,
				213FF12A191C930C003B166B /* AudioToolbox.framework */,
				213FF12B191C930C003B166B /* CFNetwork.framework */,
				213FF12C191C930C003B166B /* CoreLocation.framework */,
				213FF12D191C930C003B166B /* libz.dylib */,
				213FF12E191C930C003B166B /* MobileCoreServices.framework */,
				213FF12F191C930D003B166B /* QuartzCore.framework */,
				213FF130191C930D003B166B /* Security.framework */,
				213FF131191C930D003B166B /* StoreKit.framework */,
				213FF132191C930D003B166B /* SystemConfiguration.framework */,
				21DE540E1917A3A7004C5591 /* Foundation.framework */,
				21DE54101917A3A7004C5591 /* CoreGraphics.framework */,
				21DE54121917A3A7004C5591 /* UIKit.framework */,
				21DE542D1917A3A8004C5591 /* XCTest.framework */,
			);
			name = Frameworks;
			sourceTree = "<group>";
		};
		21DE54141917A3A7004C5591 /* Controller */ = {
			isa = PBXGroup;
			children = (
				21654AB11922274900D808F2 /* MyRequestVC.h */,
				21654AB21922274900D808F2 /* MyRequestVC.m */,
				213FF141191C9BDB003B166B /* RequestTableViewController.h */,
				213FF142191C9BDB003B166B /* RequestTableViewController.m */,
				21CDCA0F19247BED00CA9CA1 /* BooksTVC.h */,
				21CDCA1019247BED00CA9CA1 /* BooksTVC.m */,
				21CDCA1219247DFB00CA9CA1 /* AllBooksTVC.h */,
				21CDCA1319247DFB00CA9CA1 /* AllBooksTVC.m */,
				213FF151191D065D003B166B /* BookDetailsViewController.h */,
				213FF152191D065D003B166B /* BookDetailsViewController.m */,
				21CDCA151924810600CA9CA1 /* BookShelfTVC.h */,
				21CDCA161924810600CA9CA1 /* BookShelfTVC.m */,
				213FF147191CA2CA003B166B /* AddBookViewController.h */,
				213FF148191CA2CA003B166B /* AddBookViewController.m */,
				213FF121191C8DAD003B166B /* LoginViewController.h */,
				213FF122191C8DAD003B166B /* LoginViewController.m */,
				213FF123191C8DAD003B166B /* SignupViewController.h */,
				213FF124191C8DAD003B166B /* SignupViewController.m */,
				213FF125191C8DAD003B166B /* TPKeyboardAvoidingScrollView.h */,
				213FF126191C8DAD003B166B /* TPKeyboardAvoidingScrollView.m */,
				21DE54261917A3A7004C5591 /* Images.xcassets */,
				21DE54151917A3A7004C5591 /* Supporting Files */,
			);
			name = Controller;
			path = Bookwalker;
			sourceTree = "<group>";
		};
		21DE54151917A3A7004C5591 /* Supporting Files */ = {
			isa = PBXGroup;
			children = (
				21DE541D1917A3A7004C5591 /* AppDelegate.h */,
				21DE541E1917A3A7004C5591 /* AppDelegate.m */,
				21DE54161917A3A7004C5591 /* Bookwalker-Info.plist */,
				21DE54171917A3A7004C5591 /* InfoPlist.strings */,
				21DE541A1917A3A7004C5591 /* main.m */,
				21DE541C1917A3A7004C5591 /* Bookwalker-Prefix.pch */,
			);
			name = "Supporting Files";
			sourceTree = "<group>";
		};
		21DE54331917A3A8004C5591 /* BookwalkerTests */ = {
			isa = PBXGroup;
			children = (
				21DE54391917A3A8004C5591 /* BookwalkerTests.m */,
				21DE54341917A3A8004C5591 /* Supporting Files */,
			);
			path = BookwalkerTests;
			sourceTree = "<group>";
		};
		21DE54341917A3A8004C5591 /* Supporting Files */ = {
			isa = PBXGroup;
			children = (
				21DE54351917A3A8004C5591 /* BookwalkerTests-Info.plist */,
				21DE54361917A3A8004C5591 /* InfoPlist.strings */,
			);
			name = "Supporting Files";
			sourceTree = "<group>";
		};
/* End PBXGroup section */

/* Begin PBXNativeTarget section */
		21DE540A1917A3A7004C5591 /* Bookwalker */ = {
			isa = PBXNativeTarget;
			buildConfigurationList = 21DE543D1917A3A8004C5591 /* Build configuration list for PBXNativeTarget "Bookwalker" */;
			buildPhases = (
				21DE54071917A3A7004C5591 /* Sources */,
				21DE54081917A3A7004C5591 /* Frameworks */,
				21DE54091917A3A7004C5591 /* Resources */,
			);
			buildRules = (
			);
			dependencies = (
			);
			name = Bookwalker;
			productName = Bookwalker;
			productReference = 21DE540B1917A3A7004C5591 /* Bookwalker.app */;
			productType = "com.apple.product-type.application";
		};
		21DE542B1917A3A8004C5591 /* BookwalkerTests */ = {
			isa = PBXNativeTarget;
			buildConfigurationList = 21DE54401917A3A8004C5591 /* Build configuration list for PBXNativeTarget "BookwalkerTests" */;
			buildPhases = (
				21DE54281917A3A8004C5591 /* Sources */,
				21DE54291917A3A8004C5591 /* Frameworks */,
				21DE542A1917A3A8004C5591 /* Resources */,
			);
			buildRules = (
			);
			dependencies = (
				21DE54321917A3A8004C5591 /* PBXTargetDependency */,
			);
			name = BookwalkerTests;
			productName = BookwalkerTests;
			productReference = 21DE542C1917A3A8004C5591 /* BookwalkerTests.xctest */;
			productType = "com.apple.product-type.bundle.unit-test";
		};
/* End PBXNativeTarget section */

/* Begin PBXProject section */
		21DE54031917A3A7004C5591 /* Project object */ = {
			isa = PBXProject;
			attributes = {
				LastUpgradeCheck = 0510;
				ORGANIZATIONNAME = Aries;
				TargetAttributes = {
					21DE542B1917A3A8004C5591 = {
						TestTargetID = 21DE540A1917A3A7004C5591;
					};
				};
			};
			buildConfigurationList = 21DE54061917A3A7004C5591 /* Build configuration list for PBXProject "Bookwalker" */;
			compatibilityVersion = "Xcode 3.2";
			developmentRegion = English;
			hasScannedForEncodings = 0;
			knownRegions = (
				en,
				Base,
			);
			mainGroup = 21DE54021917A3A7004C5591;
			productRefGroup = 21DE540C1917A3A7004C5591 /* Products */;
			projectDirPath = "";
			projectRoot = "";
			targets = (
				21DE540A1917A3A7004C5591 /* Bookwalker */,
				21DE542B1917A3A8004C5591 /* BookwalkerTests */,
			);
		};
/* End PBXProject section */

/* Begin PBXResourcesBuildPhase section */
		21DE54091917A3A7004C5591 /* Resources */ = {
			isa = PBXResourcesBuildPhase;
			buildActionMask = 2147483647;
			files = (
				21DE54271917A3A7004C5591 /* Images.xcassets in Resources */,
				21DE54191917A3A7004C5591 /* InfoPlist.strings in Resources */,
				21DE54221917A3A7004C5591 /* Main.storyboard in Resources */,
			);
			runOnlyForDeploymentPostprocessing = 0;
		};
		21DE542A1917A3A8004C5591 /* Resources */ = {
			isa = PBXResourcesBuildPhase;
			buildActionMask = 2147483647;
			files = (
				21DE54381917A3A8004C5591 /* InfoPlist.strings in Resources */,
			);
			runOnlyForDeploymentPostprocessing = 0;
		};
/* End PBXResourcesBuildPhase section */

/* Begin PBXSourcesBuildPhase section */
		21DE54071917A3A7004C5591 /* Sources */ = {
			isa = PBXSourcesBuildPhase;
			buildActionMask = 2147483647;
			files = (
				213FF127191C8DAD003B166B /* LoginViewController.m in Sources */,
				21DE541F1917A3A7004C5591 /* AppDelegate.m in Sources */,
				213FF129191C8DAD003B166B /* TPKeyboardAvoidingScrollView.m in Sources */,
				21CDCA1419247DFB00CA9CA1 /* AllBooksTVC.m in Sources */,
				21CDCA1119247BED00CA9CA1 /* BooksTVC.m in Sources */,
				213FF143191C9BDB003B166B /* RequestTableViewController.m in Sources */,
				21DE541B1917A3A7004C5591 /* main.m in Sources */,
				21CDCA171924810600CA9CA1 /* BookShelfTVC.m in Sources */,
				21654AB31922274900D808F2 /* MyRequestVC.m in Sources */,
				213FF153191D065D003B166B /* BookDetailsViewController.m in Sources */,
				213FF149191CA2CA003B166B /* AddBookViewController.m in Sources */,
				213FF128191C8DAD003B166B /* SignupViewController.m in Sources */,
			);
			runOnlyForDeploymentPostprocessing = 0;
		};
		21DE54281917A3A8004C5591 /* Sources */ = {
			isa = PBXSourcesBuildPhase;
			buildActionMask = 2147483647;
			files = (
				21DE543A1917A3A8004C5591 /* BookwalkerTests.m in Sources */,
			);
			runOnlyForDeploymentPostprocessing = 0;
		};
/* End PBXSourcesBuildPhase section */

/* Begin PBXTargetDependency section */
		21DE54321917A3A8004C5591 /* PBXTargetDependency */ = {
			isa = PBXTargetDependency;
			target = 21DE540A1917A3A7004C5591 /* Bookwalker */;
			targetProxy = 21DE54311917A3A8004C5591 /* PBXContainerItemProxy */;
		};
/* End PBXTargetDependency section */

/* Begin PBXVariantGroup section */
		21DE54171917A3A7004C5591 /* InfoPlist.strings */ = {
			isa = PBXVariantGroup;
			children = (
				21DE54181917A3A7004C5591 /* en */,
			);
			name = InfoPlist.strings;
			sourceTree = "<group>";
		};
		21DE54201917A3A7004C5591 /* Main.storyboard */ = {
			isa = PBXVariantGroup;
			children = (
				21DE54211917A3A7004C5591 /* Base */,
			);
			name = Main.storyboard;
			path = Bookwalker;
			sourceTree = "<group>";
		};
		21DE54361917A3A8004C5591 /* InfoPlist.strings */ = {
			isa = PBXVariantGroup;
			children = (
				21DE54371917A3A8004C5591 /* en */,
			);
			name = InfoPlist.strings;
			sourceTree = "<group>";
		};
/* End PBXVariantGroup section */

/* Begin XCBuildConfiguration section */
		21DE543B1917A3A8004C5591 /* Debug */ = {
			isa = XCBuildConfiguration;
			buildSettings = {
				ALWAYS_SEARCH_USER_PATHS = NO;
				CLANG_CXX_LANGUAGE_STANDARD = "gnu++0x";
				CLANG_CXX_LIBRARY = "libc++";
				CLANG_ENABLE_MODULES = YES;
				CLANG_ENABLE_OBJC_ARC = YES;
				CLANG_WARN_BOOL_CONVERSION = YES;
				CLANG_WARN_CONSTANT_CONVERSION = YES;
				CLANG_WARN_DIRECT_OBJC_ISA_USAGE = YES_ERROR;
				CLANG_WARN_EMPTY_BODY = YES;
				CLANG_WARN_ENUM_CONVERSION = YES;
				CLANG_WARN_INT_CONVERSION = YES;
				CLANG_WARN_OBJC_ROOT_CLASS = YES_ERROR;
				CLANG_WARN__DUPLICATE_METHOD_MATCH = YES;
				"CODE_SIGN_IDENTITY[sdk=iphoneos*]" = "iPhone Developer";
				COPY_PHASE_STRIP = NO;
				GCC_C_LANGUAGE_STANDARD = gnu99;
				GCC_DYNAMIC_NO_PIC = NO;
				GCC_OPTIMIZATION_LEVEL = 0;
				GCC_PREPROCESSOR_DEFINITIONS = (
					"DEBUG=1",
					"$(inherited)",
				);
				GCC_SYMBOLS_PRIVATE_EXTERN = NO;
				GCC_WARN_64_TO_32_BIT_CONVERSION = YES;
				GCC_WARN_ABOUT_RETURN_TYPE = YES_ERROR;
				GCC_WARN_UNDECLARED_SELECTOR = YES;
				GCC_WARN_UNINITIALIZED_AUTOS = YES_AGGRESSIVE;
				GCC_WARN_UNUSED_FUNCTION = YES;
				GCC_WARN_UNUSED_VARIABLE = YES;
				IPHONEOS_DEPLOYMENT_TARGET = 7.1;
				ONLY_ACTIVE_ARCH = YES;
				SDKROOT = iphoneos;
			};
			name = Debug;
		};
		21DE543C1917A3A8004C5591 /* Release */ = {
			isa = XCBuildConfiguration;
			buildSettings = {
				ALWAYS_SEARCH_USER_PATHS = NO;
				CLANG_CXX_LANGUAGE_STANDARD = "gnu++0x";
				CLANG_CXX_LIBRARY = "libc++";
				CLANG_ENABLE_MODULES = YES;
				CLANG_ENABLE_OBJC_ARC = YES;
				CLANG_WARN_BOOL_CONVERSION = YES;
				CLANG_WARN_CONSTANT_CONVERSION = YES;
				CLANG_WARN_DIRECT_OBJC_ISA_USAGE = YES_ERROR;
				CLANG_WARN_EMPTY_BODY = YES;
				CLANG_WARN_ENUM_CONVERSION = YES;
				CLANG_WARN_INT_CONVERSION = YES;
				CLANG_WARN_OBJC_ROOT_CLASS = YES_ERROR;
				CLANG_WARN__DUPLICATE_METHOD_MATCH = YES;
				"CODE_SIGN_IDENTITY[sdk=iphoneos*]" = "iPhone Developer";
				COPY_PHASE_STRIP = YES;
				ENABLE_NS_ASSERTIONS = NO;
				GCC_C_LANGUAGE_STANDARD = gnu99;
				GCC_WARN_64_TO_32_BIT_CONVERSION = YES;
				GCC_WARN_ABOUT_RETURN_TYPE = YES_ERROR;
				GCC_WARN_UNDECLARED_SELECTOR = YES;
				GCC_WARN_UNINITIALIZED_AUTOS = YES_AGGRESSIVE;
				GCC_WARN_UNUSED_FUNCTION = YES;
				GCC_WARN_UNUSED_VARIABLE = YES;
				IPHONEOS_DEPLOYMENT_TARGET = 7.1;
				SDKROOT = iphoneos;
				VALIDATE_PRODUCT = YES;
			};
			name = Release;
		};
		21DE543E1917A3A8004C5591 /* Debug */ = {
			isa = XCBuildConfiguration;
			buildSettings = {
				ASSETCATALOG_COMPILER_APPICON_NAME = AppIcon;
				ASSETCATALOG_COMPILER_LAUNCHIMAGE_NAME = LaunchImage;
				FRAMEWORK_SEARCH_PATHS = (
					"$(inherited)",
					"$(PROJECT_DIR)",
				);
				GCC_PRECOMPILE_PREFIX_HEADER = YES;
				GCC_PREFIX_HEADER = "Bookwalker/Bookwalker-Prefix.pch";
				INFOPLIST_FILE = "Bookwalker/Bookwalker-Info.plist";
				PRODUCT_NAME = "$(TARGET_NAME)";
				WRAPPER_EXTENSION = app;
			};
			name = Debug;
		};
		21DE543F1917A3A8004C5591 /* Release */ = {
			isa = XCBuildConfiguration;
			buildSettings = {
				ASSETCATALOG_COMPILER_APPICON_NAME = AppIcon;
				ASSETCATALOG_COMPILER_LAUNCHIMAGE_NAME = LaunchImage;
				FRAMEWORK_SEARCH_PATHS = (
					"$(inherited)",
					"$(PROJECT_DIR)",
				);
				GCC_PRECOMPILE_PREFIX_HEADER = YES;
				GCC_PREFIX_HEADER = "Bookwalker/Bookwalker-Prefix.pch";
				INFOPLIST_FILE = "Bookwalker/Bookwalker-Info.plist";
				PRODUCT_NAME = "$(TARGET_NAME)";
				WRAPPER_EXTENSION = app;
			};
			name = Release;
		};
		21DE54411917A3A8004C5591 /* Debug */ = {
			isa = XCBuildConfiguration;
			buildSettings = {
				BUNDLE_LOADER = "$(BUILT_PRODUCTS_DIR)/Bookwalker.app/Bookwalker";
				FRAMEWORK_SEARCH_PATHS = (
					"$(SDKROOT)/Developer/Library/Frameworks",
					"$(inherited)",
					"$(DEVELOPER_FRAMEWORKS_DIR)",
				);
				GCC_PRECOMPILE_PREFIX_HEADER = YES;
				GCC_PREFIX_HEADER = "Bookwalker/Bookwalker-Prefix.pch";
				GCC_PREPROCESSOR_DEFINITIONS = (
					"DEBUG=1",
					"$(inherited)",
				);
				INFOPLIST_FILE = "BookwalkerTests/BookwalkerTests-Info.plist";
				PRODUCT_NAME = "$(TARGET_NAME)";
				TEST_HOST = "$(BUNDLE_LOADER)";
				WRAPPER_EXTENSION = xctest;
			};
			name = Debug;
		};
		21DE54421917A3A8004C5591 /* Release */ = {
			isa = XCBuildConfiguration;
			buildSettings = {
				BUNDLE_LOADER = "$(BUILT_PRODUCTS_DIR)/Bookwalker.app/Bookwalker";
				FRAMEWORK_SEARCH_PATHS = (
					"$(SDKROOT)/Developer/Library/Frameworks",
					"$(inherited)",
					"$(DEVELOPER_FRAMEWORKS_DIR)",
				);
				GCC_PRECOMPILE_PREFIX_HEADER = YES;
				GCC_PREFIX_HEADER = "Bookwalker/Bookwalker-Prefix.pch";
				INFOPLIST_FILE = "BookwalkerTests/BookwalkerTests-Info.plist";
				PRODUCT_NAME = "$(TARGET_NAME)";
				TEST_HOST = "$(BUNDLE_LOADER)";
				WRAPPER_EXTENSION = xctest;
			};
			name = Release;
		};
/* End XCBuildConfiguration section */

/* Begin XCConfigurationList section */
		21DE54061917A3A7004C5591 /* Build configuration list for PBXProject "Bookwalker" */ = {
			isa = XCConfigurationList;
			buildConfigurations = (
				21DE543B1917A3A8004C5591 /* Debug */,
				21DE543C1917A3A8004C5591 /* Release */,
			);
			defaultConfigurationIsVisible = 0;
			defaultConfigurationName = Release;
		};
		21DE543D1917A3A8004C5591 /* Build configuration list for PBXNativeTarget "Bookwalker" */ = {
			isa = XCConfigurationList;
			buildConfigurations = (
				21DE543E1917A3A8004C5591 /* Debug */,
				21DE543F1917A3A8004C5591 /* Release */,
			);
			defaultConfigurationIsVisible = 0;
			defaultConfigurationName = Release;
		};
		21DE54401917A3A8004C5591 /* Build configuration list for PBXNativeTarget "BookwalkerTests" */ = {
			isa = XCConfigurationList;
			buildConfigurations = (
				21DE54411917A3A8004C5591 /* Debug */,
				21DE54421917A3A8004C5591 /* Release */,
			);
			defaultConfigurationIsVisible = 0;
			defaultConfigurationName = Release;
		};
/* End XCConfigurationList section */
	};
	rootObject = 21DE54031917A3A7004C5591 /* Project object */;
}
